// !$*UTF8*$!
{
	archiveVersion = 1;
	classes = {
	};
	objectVersion = 56;
	objects = {

/* Begin PBXBuildFile section */
		7E64046FABD0F0ECE535D921 /* Pods_nailsCenterAppNative.framework in Frameworks */ = {isa = PBXBuildFile; fileRef = DEDAB17CC874A4F915CBD568 /* Pods_nailsCenterAppNative.framework */; };
		DE68977B2A127A1D001D38F7 /* nailsCenterAppNativeApp.swift in Sources */ = {isa = PBXBuildFile; fileRef = DE68977A2A127A1D001D38F7 /* nailsCenterAppNativeApp.swift */; };
		DE68977D2A127A1D001D38F7 /* ContentView.swift in Sources */ = {isa = PBXBuildFile; fileRef = DE68977C2A127A1D001D38F7 /* ContentView.swift */; };
		DE68977F2A127A1E001D38F7 /* Assets.xcassets in Resources */ = {isa = PBXBuildFile; fileRef = DE68977E2A127A1E001D38F7 /* Assets.xcassets */; };
		DE6897822A127A1E001D38F7 /* Preview Assets.xcassets in Resources */ = {isa = PBXBuildFile; fileRef = DE6897812A127A1E001D38F7 /* Preview Assets.xcassets */; };
		DE6897892A127F69001D38F7 /* Metal.framework in Frameworks */ = {isa = PBXBuildFile; fileRef = DE6897882A127F69001D38F7 /* Metal.framework */; };
/* End PBXBuildFile section */

/* Begin PBXFileReference section */
		3F0AEEBD6B963D8874AD192E /* Pods-nailsCenterAppNative.release.xcconfig */ = {isa = PBXFileReference; includeInIndex = 1; lastKnownFileType = text.xcconfig; name = "Pods-nailsCenterAppNative.release.xcconfig"; path = "Target Support Files/Pods-nailsCenterAppNative/Pods-nailsCenterAppNative.release.xcconfig"; sourceTree = "<group>"; };
		7D9BEDE367CCE105916AE4C9 /* Pods-nailsCenterAppNative.debug.xcconfig */ = {isa = PBXFileReference; includeInIndex = 1; lastKnownFileType = text.xcconfig; name = "Pods-nailsCenterAppNative.debug.xcconfig"; path = "Target Support Files/Pods-nailsCenterAppNative/Pods-nailsCenterAppNative.debug.xcconfig"; sourceTree = "<group>"; };
		DE6897772A127A1D001D38F7 /* nailsCenterAppNative.app */ = {isa = PBXFileReference; explicitFileType = wrapper.application; includeInIndex = 0; path = nailsCenterAppNative.app; sourceTree = BUILT_PRODUCTS_DIR; };
		DE68977A2A127A1D001D38F7 /* nailsCenterAppNativeApp.swift */ = {isa = PBXFileReference; lastKnownFileType = sourcecode.swift; path = nailsCenterAppNativeApp.swift; sourceTree = "<group>"; };
		DE68977C2A127A1D001D38F7 /* ContentView.swift */ = {isa = PBXFileReference; lastKnownFileType = sourcecode.swift; path = ContentView.swift; sourceTree = "<group>"; };
		DE68977E2A127A1E001D38F7 /* Assets.xcassets */ = {isa = PBXFileReference; lastKnownFileType = folder.assetcatalog; path = Assets.xcassets; sourceTree = "<group>"; };
		DE6897812A127A1E001D38F7 /* Preview Assets.xcassets */ = {isa = PBXFileReference; lastKnownFileType = folder.assetcatalog; path = "Preview Assets.xcassets"; sourceTree = "<group>"; };
		DE6897882A127F69001D38F7 /* Metal.framework */ = {isa = PBXFileReference; lastKnownFileType = wrapper.framework; name = Metal.framework; path = System/Library/Frameworks/Metal.framework; sourceTree = SDKROOT; };
		DEDAB17CC874A4F915CBD568 /* Pods_nailsCenterAppNative.framework */ = {isa = PBXFileReference; explicitFileType = wrapper.framework; includeInIndex = 0; path = Pods_nailsCenterAppNative.framework; sourceTree = BUILT_PRODUCTS_DIR; };
/* End PBXFileReference section */

/* Begin PBXFrameworksBuildPhase section */
		DE6897742A127A1D001D38F7 /* Frameworks */ = {
			isa = PBXFrameworksBuildPhase;
			buildActionMask = 2147483647;
			files = (
				DE6897892A127F69001D38F7 /* Metal.framework in Frameworks */,
				7E64046FABD0F0ECE535D921 /* Pods_nailsCenterAppNative.framework in Frameworks */,
			);
			runOnlyForDeploymentPostprocessing = 0;
		};
/* End PBXFrameworksBuildPhase section */

/* Begin PBXGroup section */
		1428AD1127F1A6419FAA74ED /* Frameworks */ = {
			isa = PBXGroup;
			children = (
				DE6897882A127F69001D38F7 /* Metal.framework */,
				DEDAB17CC874A4F915CBD568 /* Pods_nailsCenterAppNative.framework */,
			);
			name = Frameworks;
			sourceTree = "<group>";
		};
		D374393BF5BCEB7C097645EC /* Pods */ = {
			isa = PBXGroup;
			children = (
				7D9BEDE367CCE105916AE4C9 /* Pods-nailsCenterAppNative.debug.xcconfig */,
				3F0AEEBD6B963D8874AD192E /* Pods-nailsCenterAppNative.release.xcconfig */,
			);
			path = Pods;
			sourceTree = "<group>";
		};
		DE68976E2A127A1D001D38F7 = {
			isa = PBXGroup;
			children = (
				DE6897792A127A1D001D38F7 /* nailsCenterAppNative */,
				DE6897782A127A1D001D38F7 /* Products */,
				D374393BF5BCEB7C097645EC /* Pods */,
				1428AD1127F1A6419FAA74ED /* Frameworks */,
			);
			sourceTree = "<group>";
		};
		DE6897782A127A1D001D38F7 /* Products */ = {
			isa = PBXGroup;
			children = (
				DE6897772A127A1D001D38F7 /* nailsCenterAppNative.app */,
			);
			name = Products;
			sourceTree = "<group>";
		};
		DE6897792A127A1D001D38F7 /* nailsCenterAppNative */ = {
			isa = PBXGroup;
			children = (
				DE68977A2A127A1D001D38F7 /* nailsCenterAppNativeApp.swift */,
				DE68977C2A127A1D001D38F7 /* ContentView.swift */,
				DE68977E2A127A1E001D38F7 /* Assets.xcassets */,
				DE6897802A127A1E001D38F7 /* Preview Content */,
			);
			path = nailsCenterAppNative;
			sourceTree = "<group>";
		};
		DE6897802A127A1E001D38F7 /* Preview Content */ = {
			isa = PBXGroup;
			children = (
				DE6897812A127A1E001D38F7 /* Preview Assets.xcassets */,
			);
			path = "Preview Content";
			sourceTree = "<group>";
		};
/* End PBXGroup section */

/* Begin PBXNativeTarget section */
		DE6897762A127A1D001D38F7 /* nailsCenterAppNative */ = {
			isa = PBXNativeTarget;
			buildConfigurationList = DE6897852A127A1E001D38F7 /* Build configuration list for PBXNativeTarget "nailsCenterAppNative" */;
			buildPhases = (
				1308C633DFE7C6E8B845A632 /* [CP] Check Pods Manifest.lock */,
				DE6897732A127A1D001D38F7 /* Sources */,
				DE6897742A127A1D001D38F7 /* Frameworks */,
				DE6897752A127A1D001D38F7 /* Resources */,
				42BB079F151239763685071B /* [CP] Embed Pods Frameworks */,
			);
			buildRules = (
			);
			dependencies = (
			);
			name = nailsCenterAppNative;
			productName = nailsCenterAppNative;
			productReference = DE6897772A127A1D001D38F7 /* nailsCenterAppNative.app */;
			productType = "com.apple.product-type.application";
		};
/* End PBXNativeTarget section */

/* Begin PBXProject section */
		DE68976F2A127A1D001D38F7 /* Project object */ = {
			isa = PBXProject;
			attributes = {
				BuildIndependentTargetsInParallel = 1;
				LastSwiftUpdateCheck = 1430;
				LastUpgradeCheck = 1430;
				TargetAttributes = {
					DE6897762A127A1D001D38F7 = {
						CreatedOnToolsVersion = 14.3;
					};
				};
			};
			buildConfigurationList = DE6897722A127A1D001D38F7 /* Build configuration list for PBXProject "nailsCenterAppNative" */;
			compatibilityVersion = "Xcode 14.0";
			developmentRegion = en;
			hasScannedForEncodings = 0;
			knownRegions = (
				en,
				Base,
			);
			mainGroup = DE68976E2A127A1D001D38F7;
			productRefGroup = DE6897782A127A1D001D38F7 /* Products */;
			projectDirPath = "";
			projectRoot = "";
			targets = (
				DE6897762A127A1D001D38F7 /* nailsCenterAppNative */,
			);
		};
/* End PBXProject section */

/* Begin PBXResourcesBuildPhase section */
		DE6897752A127A1D001D38F7 /* Resources */ = {
			isa = PBXResourcesBuildPhase;
			buildActionMask = 2147483647;
			files = (
				DE6897822A127A1E001D38F7 /* Preview Assets.xcassets in Resources */,
				DE68977F2A127A1E001D38F7 /* Assets.xcassets in Resources */,
			);
			runOnlyForDeploymentPostprocessing = 0;
		};
/* End PBXResourcesBuildPhase section */

/* Begin PBXShellScriptBuildPhase section */
		1308C633DFE7C6E8B845A632 /* [CP] Check Pods Manifest.lock */ = {
			isa = PBXShellScriptBuildPhase;
			buildActionMask = 2147483647;
			files = (
			);
			inputFileListPaths = (
			);
			inputPaths = (
				"${PODS_PODFILE_DIR_PATH}/Podfile.lock",
				"${PODS_ROOT}/Manifest.lock",
			);
			name = "[CP] Check Pods Manifest.lock";
			outputFileListPaths = (
			);
			outputPaths = (
				"$(DERIVED_FILE_DIR)/Pods-nailsCenterAppNative-checkManifestLockResult.txt",
			);
			runOnlyForDeploymentPostprocessing = 0;
			shellPath = /bin/sh;
			shellScript = "diff \"${PODS_PODFILE_DIR_PATH}/Podfile.lock\" \"${PODS_ROOT}/Manifest.lock\" > /dev/null\nif [ $? != 0 ] ; then\n    # print error to STDERR\n    echo \"error: The sandbox is not in sync with the Podfile.lock. Run 'pod install' or update your CocoaPods installation.\" >&2\n    exit 1\nfi\n# This output is used by Xcode 'outputs' to avoid re-running this script phase.\necho \"SUCCESS\" > \"${SCRIPT_OUTPUT_FILE_0}\"\n";
			showEnvVarsInLog = 0;
		};
		42BB079F151239763685071B /* [CP] Embed Pods Frameworks */ = {
			isa = PBXShellScriptBuildPhase;
			buildActionMask = 2147483647;
			files = (
			);
			inputFileListPaths = (
				"${PODS_ROOT}/Target Support Files/Pods-nailsCenterAppNative/Pods-nailsCenterAppNative-frameworks-${CONFIGURATION}-input-files.xcfilelist",
			);
			name = "[CP] Embed Pods Frameworks";
			outputFileListPaths = (
				"${PODS_ROOT}/Target Support Files/Pods-nailsCenterAppNative/Pods-nailsCenterAppNative-frameworks-${CONFIGURATION}-output-files.xcfilelist",
			);
			runOnlyForDeploymentPostprocessing = 0;
			shellPath = /bin/sh;
			shellScript = "\"${PODS_ROOT}/Target Support Files/Pods-nailsCenterAppNative/Pods-nailsCenterAppNative-frameworks.sh\"\n";
			showEnvVarsInLog = 0;
		};
/* End PBXShellScriptBuildPhase section */

/* Begin PBXSourcesBuildPhase section */
		DE6897732A127A1D001D38F7 /* Sources */ = {
			isa = PBXSourcesBuildPhase;
			buildActionMask = 2147483647;
			files = (
				DE68977D2A127A1D001D38F7 /* ContentView.swift in Sources */,
				DE68977B2A127A1D001D38F7 /* nailsCenterAppNativeApp.swift in Sources */,
			);
			runOnlyForDeploymentPostprocessing = 0;
		};
/* End PBXSourcesBuildPhase section */

/* Begin XCBuildConfiguration section */
		DE6897832A127A1E001D38F7 /* Debug */ = {
			isa = XCBuildConfiguration;
			buildSettings = {
				ALWAYS_SEARCH_USER_PATHS = NO;
				CLANG_ANALYZER_NONNULL = YES;
				CLANG_ANALYZER_NUMBER_OBJECT_CONVERSION = YES_AGGRESSIVE;
				CLANG_CXX_LANGUAGE_STANDARD = "gnu++20";
				CLANG_ENABLE_MODULES = YES;
				CLANG_ENABLE_OBJC_ARC = YES;
				CLANG_ENABLE_OBJC_WEAK = YES;
				CLANG_WARN_BLOCK_CAPTURE_AUTORELEASING = YES;
				CLANG_WARN_BOOL_CONVERSION = YES;
				CLANG_WARN_COMMA = YES;
				CLANG_WARN_CONSTANT_CONVERSION = YES;
				CLANG_WARN_DEPRECATED_OBJC_IMPLEMENTATIONS = YES;
				CLANG_WARN_DIRECT_OBJC_ISA_USAGE = YES_ERROR;
				CLANG_WARN_DOCUMENTATION_COMMENTS = YES;
				CLANG_WARN_EMPTY_BODY = YES;
				CLANG_WARN_ENUM_CONVERSION = YES;
				CLANG_WARN_INFINITE_RECURSION = YES;
				CLANG_WARN_INT_CONVERSION = YES;
				CLANG_WARN_NON_LITERAL_NULL_CONVERSION = YES;
				CLANG_WARN_OBJC_IMPLICIT_RETAIN_SELF = YES;
				CLANG_WARN_OBJC_LITERAL_CONVERSION = YES;
				CLANG_WARN_OBJC_ROOT_CLASS = YES_ERROR;
				CLANG_WARN_QUOTED_INCLUDE_IN_FRAMEWORK_HEADER = YES;
				CLANG_WARN_RANGE_LOOP_ANALYSIS = YES;
				CLANG_WARN_STRICT_PROTOTYPES = YES;
				CLANG_WARN_SUSPICIOUS_MOVE = YES;
				CLANG_WARN_UNGUARDED_AVAILABILITY = YES_AGGRESSIVE;
				CLANG_WARN_UNREACHABLE_CODE = YES;
				CLANG_WARN__DUPLICATE_METHOD_MATCH = YES;
				COPY_PHASE_STRIP = NO;
				DEBUG_INFORMATION_FORMAT = dwarf;
				ENABLE_STRICT_OBJC_MSGSEND = YES;
				ENABLE_TESTABILITY = YES;
				GCC_C_LANGUAGE_STANDARD = gnu11;
				GCC_DYNAMIC_NO_PIC = NO;
				GCC_NO_COMMON_BLOCKS = YES;
				GCC_OPTIMIZATION_LEVEL = 0;
				GCC_PREPROCESSOR_DEFINITIONS = (
					"DEBUG=1",
					"$(inherited)",
				);
				GCC_WARN_64_TO_32_BIT_CONVERSION = YES;
				GCC_WARN_ABOUT_RETURN_TYPE = YES_ERROR;
				GCC_WARN_UNDECLARED_SELECTOR = YES;
				GCC_WARN_UNINITIALIZED_AUTOS = YES_AGGRESSIVE;
				GCC_WARN_UNUSED_FUNCTION = YES;
				GCC_WARN_UNUSED_VARIABLE = YES;
				IPHONEOS_DEPLOYMENT_TARGET = 16.4;
				MTL_ENABLE_DEBUG_INFO = INCLUDE_SOURCE;
				MTL_FAST_MATH = YES;
				ONLY_ACTIVE_ARCH = YES;
				SDKROOT = iphoneos;
				SWIFT_ACTIVE_COMPILATION_CONDITIONS = DEBUG;
				SWIFT_OPTIMIZATION_LEVEL = "-Onone";
			};
			name = Debug;
		};
		DE6897842A127A1E001D38F7 /* Release */ = {
			isa = XCBuildConfiguration;
			buildSettings = {
				ALWAYS_SEARCH_USER_PATHS = NO;
				CLANG_ANALYZER_NONNULL = YES;
				CLANG_ANALYZER_NUMBER_OBJECT_CONVERSION = YES_AGGRESSIVE;
				CLANG_CXX_LANGUAGE_STANDARD = "gnu++20";
				CLANG_ENABLE_MODULES = YES;
				CLANG_ENABLE_OBJC_ARC = YES;
				CLANG_ENABLE_OBJC_WEAK = YES;
				CLANG_WARN_BLOCK_CAPTURE_AUTORELEASING = YES;
				CLANG_WARN_BOOL_CONVERSION = YES;
				CLANG_WARN_COMMA = YES;
				CLANG_WARN_CONSTANT_CONVERSION = YES;
				CLANG_WARN_DEPRECATED_OBJC_IMPLEMENTATIONS = YES;
				CLANG_WARN_DIRECT_OBJC_ISA_USAGE = YES_ERROR;
				CLANG_WARN_DOCUMENTATION_COMMENTS = YES;
				CLANG_WARN_EMPTY_BODY = YES;
				CLANG_WARN_ENUM_CONVERSION = YES;
				CLANG_WARN_INFINITE_RECURSION = YES;
				CLANG_WARN_INT_CONVERSION = YES;
				CLANG_WARN_NON_LITERAL_NULL_CONVERSION = YES;
				CLANG_WARN_OBJC_IMPLICIT_RETAIN_SELF = YES;
				CLANG_WARN_OBJC_LITERAL_CONVERSION = YES;
				CLANG_WARN_OBJC_ROOT_CLASS = YES_ERROR;
				CLANG_WARN_QUOTED_INCLUDE_IN_FRAMEWORK_HEADER = YES;
				CLANG_WARN_RANGE_LOOP_ANALYSIS = YES;
				CLANG_WARN_STRICT_PROTOTYPES = YES;
				CLANG_WARN_SUSPICIOUS_MOVE = YES;
				CLANG_WARN_UNGUARDED_AVAILABILITY = YES_AGGRESSIVE;
				CLANG_WARN_UNREACHABLE_CODE = YES;
				CLANG_WARN__DUPLICATE_METHOD_MATCH = YES;
				COPY_PHASE_STRIP = NO;
				DEBUG_INFORMATION_FORMAT = "dwarf-with-dsym";
				ENABLE_NS_ASSERTIONS = NO;
				ENABLE_STRICT_OBJC_MSGSEND = YES;
				GCC_C_LANGUAGE_STANDARD = gnu11;
				GCC_NO_COMMON_BLOCKS = YES;
				GCC_WARN_64_TO_32_BIT_CONVERSION = YES;
				GCC_WARN_ABOUT_RETURN_TYPE = YES_ERROR;
				GCC_WARN_UNDECLARED_SELECTOR = YES;
				GCC_WARN_UNINITIALIZED_AUTOS = YES_AGGRESSIVE;
				GCC_WARN_UNUSED_FUNCTION = YES;
				GCC_WARN_UNUSED_VARIABLE = YES;
				IPHONEOS_DEPLOYMENT_TARGET = 16.4;
				MTL_ENABLE_DEBUG_INFO = NO;
				MTL_FAST_MATH = YES;
				SDKROOT = iphoneos;
				SWIFT_COMPILATION_MODE = wholemodule;
				SWIFT_OPTIMIZATION_LEVEL = "-O";
				VALIDATE_PRODUCT = YES;
			};
			name = Release;
		};
		DE6897862A127A1E001D38F7 /* Debug */ = {
			isa = XCBuildConfiguration;
			baseConfigurationReference = 7D9BEDE367CCE105916AE4C9 /* Pods-nailsCenterAppNative.debug.xcconfig */;
			buildSettings = {
				ASSETCATALOG_COMPILER_APPICON_NAME = AppIcon;
				ASSETCATALOG_COMPILER_GLOBAL_ACCENT_COLOR_NAME = AccentColor;
				CODE_SIGN_STYLE = Automatic;
				CURRENT_PROJECT_VERSION = 1;
				DEVELOPMENT_ASSET_PATHS = "\"nailsCenterAppNative/Preview Content\"";
				DEVELOPMENT_TEAM = 3639WF4XZA;
				ENABLE_PREVIEWS = YES;
				GENERATE_INFOPLIST_FILE = YES;
				INFOPLIST_FILE = nailsCenterAppNative/Info.plist;
				INFOPLIST_KEY_NSCameraUsageDescription = "this app utilizes camera to apply lenses";
				INFOPLIST_KEY_NSLocationWhenInUseUsageDescription = "this app needs location to locate lenses";
				INFOPLIST_KEY_NSMicrophoneUsageDescription = "requires mic to record camera actions";
				INFOPLIST_KEY_NSPhotoLibraryAddUsageDescription = "needs to store photos when clicking on save button";
				INFOPLIST_KEY_NSPhotoLibraryUsageDescription = "needs camera";
				INFOPLIST_KEY_UIApplicationSceneManifest_Generation = YES;
				INFOPLIST_KEY_UILaunchScreen_Generation = YES;
				INFOPLIST_KEY_UIRequiredDeviceCapabilities = "armv7 arkit";
				INFOPLIST_KEY_UISupportedInterfaceOrientations_iPad = "UIInterfaceOrientationPortrait UIInterfaceOrientationPortraitUpsideDown UIInterfaceOrientationLandscapeLeft UIInterfaceOrientationLandscapeRight";
				INFOPLIST_KEY_UISupportedInterfaceOrientations_iPhone = "UIInterfaceOrientationPortrait UIInterfaceOrientationLandscapeLeft UIInterfaceOrientationLandscapeRight";
				LD_RUNPATH_SEARCH_PATHS = (
					"$(inherited)",
					"@executable_path/Frameworks",
				);
				MARKETING_VERSION = 1.0;
				PRODUCT_BUNDLE_IDENTIFIER = gabrieleconte.nailsCenterAppNative;
				PRODUCT_NAME = "$(TARGET_NAME)";
				SUPPORTED_PLATFORMS = "iphoneos iphonesimulator";
				SUPPORTS_MACCATALYST = NO;
				SUPPORTS_MAC_DESIGNED_FOR_IPHONE_IPAD = NO;
				SWIFT_EMIT_LOC_STRINGS = YES;
				SWIFT_VERSION = 5.0;
				TARGETED_DEVICE_FAMILY = 1;
			};
			name = Debug;
		};
		DE6897872A127A1E001D38F7 /* Release */ = {
			isa = XCBuildConfiguration;
			baseConfigurationReference = 3F0AEEBD6B963D8874AD192E /* Pods-nailsCenterAppNative.release.xcconfig */;
			buildSettings = {
				ASSETCATALOG_COMPILER_APPICON_NAME = AppIcon;
				ASSETCATALOG_COMPILER_GLOBAL_ACCENT_COLOR_NAME = AccentColor;
				CODE_SIGN_STYLE = Automatic;
				CURRENT_PROJECT_VERSION = 1;
				DEVELOPMENT_ASSET_PATHS = "\"nailsCenterAppNative/Preview Content\"";
				DEVELOPMENT_TEAM = 3639WF4XZA;
				ENABLE_PREVIEWS = YES;
				GENERATE_INFOPLIST_FILE = YES;
				INFOPLIST_FILE = nailsCenterAppNative/Info.plist;
				INFOPLIST_KEY_NSCameraUsageDescription = "this app utilizes camera to apply lenses";
				INFOPLIST_KEY_NSLocationWhenInUseUsageDescription = "this app needs location to locate lenses";
				INFOPLIST_KEY_NSMicrophoneUsageDescription = "requires mic to record camera actions";
				INFOPLIST_KEY_NSPhotoLibraryAddUsageDescription = "needs to store photos when clicking on save button";
				INFOPLIST_KEY_NSPhotoLibraryUsageDescription = "needs camera";
				INFOPLIST_KEY_UIApplicationSceneManifest_Generation = YES;
				INFOPLIST_KEY_UILaunchScreen_Generation = YES;
				INFOPLIST_KEY_UIRequiredDeviceCapabilities = "armv7 arkit";
				INFOPLIST_KEY_UISupportedInterfaceOrientations_iPad = "UIInterfaceOrientationPortrait UIInterfaceOrientationPortraitUpsideDown UIInterfaceOrientationLandscapeLeft UIInterfaceOrientationLandscapeRight";
				INFOPLIST_KEY_UISupportedInterfaceOrientations_iPhone = "UIInterfaceOrientationPortrait UIInterfaceOrientationLandscapeLeft UIInterfaceOrientationLandscapeRight";
				LD_RUNPATH_SEARCH_PATHS = (
					"$(inherited)",
					"@executable_path/Frameworks",
				);
				MARKETING_VERSION = 1.0;
				PRODUCT_BUNDLE_IDENTIFIER = gabrieleconte.nailsCenterAppNative;
				PRODUCT_NAME = "$(TARGET_NAME)";
				SUPPORTED_PLATFORMS = "iphoneos iphonesimulator";
				SUPPORTS_MACCATALYST = NO;
				SUPPORTS_MAC_DESIGNED_FOR_IPHONE_IPAD = NO;
				SWIFT_EMIT_LOC_STRINGS = YES;
				SWIFT_VERSION = 5.0;
				TARGETED_DEVICE_FAMILY = 1;
			};
			name = Release;
		};
/* End XCBuildConfiguration section */

/* Begin XCConfigurationList section */
		DE6897722A127A1D001D38F7 /* Build configuration list for PBXProject "nailsCenterAppNative" */ = {
			isa = XCConfigurationList;
			buildConfigurations = (
				DE6897832A127A1E001D38F7 /* Debug */,
				DE6897842A127A1E001D38F7 /* Release */,
			);
			defaultConfigurationIsVisible = 0;
			defaultConfigurationName = Release;
		};
		DE6897852A127A1E001D38F7 /* Build configuration list for PBXNativeTarget "nailsCenterAppNative" */ = {
			isa = XCConfigurationList;
			buildConfigurations = (
				DE6897862A127A1E001D38F7 /* Debug */,
				DE6897872A127A1E001D38F7 /* Release */,
			);
			defaultConfigurationIsVisible = 0;
			defaultConfigurationName = Release;
		};
/* End XCConfigurationList section */
	};
	rootObject = DE68976F2A127A1D001D38F7 /* Project object */;
}
